Microsoft Visual Studio Solution File, Format Version 12.00
# Visual Studio Version 17
VisualStudioVersion = 17.5.2.0
MinimumVisualStudioVersion = 10.0.40219.1
Project("{FAE04EC0-301F-11D3-BF4B-00C04F79EFBC}") = "precall_automation", "precall_automation\precall_automation.csproj", "{7EA7422B-C5D2-3E06-F92B-894E1851BED1}"
EndProject
Global
	GlobalSection(SolutionConfigurationPlatforms) = preSolution
		Debug|Any CPU = Debug|Any CPU
		Release|Any CPU = Release|Any CPU
	EndGlobalSection
	GlobalSection(ProjectConfigurationPlatforms) = postSolution
		{7EA7422B-C5D2-3E06-F92B-894E1851BED1}.Debug|Any CPU.ActiveCfg = Debug|Any CPU
		{7EA7422B-C5D2-3E06-F92B-894E1851BED1}.Debug|Any CPU.Build.0 = Debug|Any CPU
		{7EA7422B-C5D2-3E06-F92B-894E1851BED1}.Release|Any CPU.ActiveCfg = Release|Any CPU
		{7EA7422B-C5D2-3E06-F92B-894E1851BED1}.Release|Any CPU.Build.0 = Release|Any CPU
	EndGlobalSection
	GlobalSection(SolutionProperties) = preSolution
		HideSolutionNode = FALSE
	EndGlobalSection
	GlobalSection(ExtensibilityGlobals) = postSolution
		SolutionGuid = {0C293918-16E5-4B28-9543-0AB588DB0BC4}
	EndGlobalSection
EndGlobal
